{
  "requires": true,
  "lockfileVersion": 1,
  "dependencies": {
    "lazysizes": {
      "version": "5.2.0-beta1",
      "resolved": "https://registry.npmjs.org/lazysizes/-/lazysizes-5.2.0-beta1.tgz",
      "integrity": "sha512-HH3gr5FhtO9PmVnwPWkBzR51ZMrFfVndUNNSyBcR6OMnO0vt6OaQXJmq/ZikHUTVqQg+w2+Bj8mLpHZ71HTftg=="
    }
  }
}
